{
  "nodes": {
    "nixpkgs": {
      "locked": {
        "lastModified": 1774681897,
        "narHash": "sha256-KJkZgHtZzRVLH/FY9Ak4d9VkkWYfj7ZYh7nr/E1dkc4=",
        "owner": "ozturkkl",
        "repo": "nixpkgs",
        "rev": "5fcc62914b00b592f3331f492dae583522c5d185",
        "type": "github"
      },
      "original": {
        "owner": "ozturkkl",
        "ref": "framework-control",
        "repo": "nixpkgs",
        "type": "github"
      }
    },
    "root": {
      "inputs": {
        "nixpkgs": "nixpkgs"
      }
    }
  },
  "root": "root",
  "version": 7
}
