{
  "nodes": {
    "nixpkgs": {
      "locked": {
        "lastModified": 1773556942,
        "narHash": "sha256-tbuTPTiVVa3d+mQOJm7VzQmxBESllSW5vao4VaFlkeo=",
        "owner": "ozturkkl",
        "repo": "nixpkgs",
        "rev": "5b9f573f2e304d56d0c8e948770452e4788f7549",
        "type": "github"
      },
      "original": {
        "owner": "ozturkkl",
        "ref": "framework-control",
        "repo": "nixpkgs",
        "type": "github"
      }
    },
    "root": {
      "inputs": {
        "nixpkgs": "nixpkgs"
      }
    }
  },
  "root": "root",
  "version": 7
}
