{
  "nodes": {
    "nixpkgs": {
      "locked": {
        "lastModified": 1773559795,
        "narHash": "sha256-dGS+wvZhnjalhAgAvh1OK48y9vziKb0i4MyED9tku6o=",
        "owner": "ozturkkl",
        "repo": "nixpkgs",
        "rev": "e3f8313bf2fd06767249b68cb6a81c2318ab1d02",
        "type": "github"
      },
      "original": {
        "owner": "ozturkkl",
        "ref": "framework-control",
        "repo": "nixpkgs",
        "type": "github"
      }
    },
    "root": {
      "inputs": {
        "nixpkgs": "nixpkgs"
      }
    }
  },
  "root": "root",
  "version": 7
}
